
Microsoft Visual Studio Solution File, Format Version 12.00
# Visual Studio Version 17
VisualStudioVersion = 17.6.33829.357
MinimumVisualStudioVersion = 10.0.40219.1
Project("{FAE04EC0-301F-11D3-BF4B-00C04F79EFBC}") = "DoingABitOfTrolling", "DoingABitOfTrolling\DoingABitOfTrolling.csproj", "{FE825CD2-5CAD-4EAD-B15F-096344E21520}"
EndProject
Project("{FAE04EC0-301F-11D3-BF4B-00C04F79EFBC}") = "DoingABitOfTrolling.Lib", "DoingABitOfTrolling.Lib\DoingABitOfTrolling.Lib.csproj", "{838F6B10-DB99-4FCE-B6D0-399F67F9BAF5}"
EndProject
Project("{FAE04EC0-301F-11D3-BF4B-00C04F79EFBC}") = "DoingABitOfTrolling.Test", "DoingABitOfTrolling.Test\DoingABitOfTrolling.Test.csproj", "{2DD36F4D-E4A9-4887-A7C0-EC3132EC01AC}"
EndProject
Project("{2150E333-8FDC-42A3-9474-1A3956D46DE8}") = "Solution Items", "Solution Items", "{0C8980D9-A32F-4372-AE20-4D26DB39E640}"
	ProjectSection(SolutionItems) = preProject
		.editorconfig = .editorconfig
	EndProjectSection
EndProject
Global
	GlobalSection(SolutionConfigurationPlatforms) = preSolution
		Debug|Any CPU = Debug|Any CPU
		Release|Any CPU = Release|Any CPU
	EndGlobalSection
	GlobalSection(ProjectConfigurationPlatforms) = postSolution
		{FE825CD2-5CAD-4EAD-B15F-096344E21520}.Debug|Any CPU.ActiveCfg = Debug|Any CPU
		{FE825CD2-5CAD-4EAD-B15F-096344E21520}.Debug|Any CPU.Build.0 = Debug|Any CPU
		{FE825CD2-5CAD-4EAD-B15F-096344E21520}.Release|Any CPU.ActiveCfg = Release|Any CPU
		{FE825CD2-5CAD-4EAD-B15F-096344E21520}.Release|Any CPU.Build.0 = Release|Any CPU
		{838F6B10-DB99-4FCE-B6D0-399F67F9BAF5}.Debug|Any CPU.ActiveCfg = Debug|Any CPU
		{838F6B10-DB99-4FCE-B6D0-399F67F9BAF5}.Debug|Any CPU.Build.0 = Debug|Any CPU
		{838F6B10-DB99-4FCE-B6D0-399F67F9BAF5}.Release|Any CPU.ActiveCfg = Release|Any CPU
		{838F6B10-DB99-4FCE-B6D0-399F67F9BAF5}.Release|Any CPU.Build.0 = Release|Any CPU
		{2DD36F4D-E4A9-4887-A7C0-EC3132EC01AC}.Debug|Any CPU.ActiveCfg = Debug|Any CPU
		{2DD36F4D-E4A9-4887-A7C0-EC3132EC01AC}.Debug|Any CPU.Build.0 = Debug|Any CPU
		{2DD36F4D-E4A9-4887-A7C0-EC3132EC01AC}.Release|Any CPU.ActiveCfg = Release|Any CPU
		{2DD36F4D-E4A9-4887-A7C0-EC3132EC01AC}.Release|Any CPU.Build.0 = Release|Any CPU
	EndGlobalSection
	GlobalSection(SolutionProperties) = preSolution
		HideSolutionNode = FALSE
	EndGlobalSection
	GlobalSection(ExtensibilityGlobals) = postSolution
		SolutionGuid = {8A9EECE2-F1E9-4CC4-AA5A-08D19DEE5772}
	EndGlobalSection
EndGlobal
